// !$*UTF8*$!
{
	archiveVersion = 1;
	classes = {
	};
	objectVersion = 55;
	objects = {

/* Begin PBXBuildFile section */
		2002C9B7285E078A00CAD188 /* Sample8Cell.swift in Sources */ = {isa = PBXBuildFile; fileRef = 2002C9B6285E078A00CAD188 /* Sample8Cell.swift */; };
		2002C9BA285E106200CAD188 /* Sample9View.swift in Sources */ = {isa = PBXBuildFile; fileRef = 2002C9B9285E106200CAD188 /* Sample9View.swift */; };
		2002C9BE285E12E000CAD188 /* Sample10View.swift in Sources */ = {isa = PBXBuildFile; fileRef = 2002C9BD285E12E000CAD188 /* Sample10View.swift */; };
		2002C9C0285E12E600CAD188 /* Sample11View.swift in Sources */ = {isa = PBXBuildFile; fileRef = 2002C9BF285E12E600CAD188 /* Sample11View.swift */; };
		2002C9C3285E14E400CAD188 /* Sample12View.swift in Sources */ = {isa = PBXBuildFile; fileRef = 2002C9C2285E14E400CAD188 /* Sample12View.swift */; };
		2002C9C5285E160E00CAD188 /* Sample12Cell.swift in Sources */ = {isa = PBXBuildFile; fileRef = 2002C9C4285E160E00CAD188 /* Sample12Cell.swift */; };
		2002C9C7285E16DB00CAD188 /* Sample12ImageCell.swift in Sources */ = {isa = PBXBuildFile; fileRef = 2002C9C6285E16DB00CAD188 /* Sample12ImageCell.swift */; };
		2002C9CA285E877200CAD188 /* Sample13View.swift in Sources */ = {isa = PBXBuildFile; fileRef = 2002C9C9285E877200CAD188 /* Sample13View.swift */; };
		2002C9CD285E890A00CAD188 /* Sample14View.swift in Sources */ = {isa = PBXBuildFile; fileRef = 2002C9CC285E890A00CAD188 /* Sample14View.swift */; };
		2028E53B2851DAD700DD5846 /* Sample7View.swift in Sources */ = {isa = PBXBuildFile; fileRef = 2028E53A2851DAD700DD5846 /* Sample7View.swift */; };
		2028E53D2851DB2000DD5846 /* CalendarView.swift in Sources */ = {isa = PBXBuildFile; fileRef = 2028E53C2851DB2000DD5846 /* CalendarView.swift */; };
		2062328227747119009BCC99 /* Sample5View.swift in Sources */ = {isa = PBXBuildFile; fileRef = 2062328127747119009BCC99 /* Sample5View.swift */; };
		206A7B46285C112A00445BEA /* Sample8View.swift in Sources */ = {isa = PBXBuildFile; fileRef = 206A7B45285C112A00445BEA /* Sample8View.swift */; };
		20C0D80328DCE3A8004B9C1D /* Sample15View.swift in Sources */ = {isa = PBXBuildFile; fileRef = 20C0D80228DCE3A8004B9C1D /* Sample15View.swift */; };
		20C0D80528DCE41A004B9C1D /* Sample15TestView.swift in Sources */ = {isa = PBXBuildFile; fileRef = 20C0D80428DCE41A004B9C1D /* Sample15TestView.swift */; };
		20C0D80828DCEEAA004B9C1D /* Sample16View.swift in Sources */ = {isa = PBXBuildFile; fileRef = 20C0D80728DCEEAA004B9C1D /* Sample16View.swift */; };
		20C0D80B28DCF2F4004B9C1D /* Sample17View.swift in Sources */ = {isa = PBXBuildFile; fileRef = 20C0D80A28DCF2F4004B9C1D /* Sample17View.swift */; };
		20C0D80D28DCF33B004B9C1D /* AlertObject.swift in Sources */ = {isa = PBXBuildFile; fileRef = 20C0D80C28DCF33B004B9C1D /* AlertObject.swift */; };
		20C0D81028DCF7E6004B9C1D /* Sample18View.swift in Sources */ = {isa = PBXBuildFile; fileRef = 20C0D80F28DCF7E6004B9C1D /* Sample18View.swift */; };
		20DB93E027682A3200D42683 /* Tests_macOS.swift in Sources */ = {isa = PBXBuildFile; fileRef = 20DB93DF27682A3200D42683 /* Tests_macOS.swift */; };
		20DB93E227682A3200D42683 /* Tests_macOSLaunchTests.swift in Sources */ = {isa = PBXBuildFile; fileRef = 20DB93E127682A3200D42683 /* Tests_macOSLaunchTests.swift */; };
		20DB93E327682A3300D42683 /* SampleSwiftUI2App.swift in Sources */ = {isa = PBXBuildFile; fileRef = 20DB93BB27682A3200D42683 /* SampleSwiftUI2App.swift */; };
		20DB93E527682A3300D42683 /* ContentView.swift in Sources */ = {isa = PBXBuildFile; fileRef = 20DB93BC27682A3200D42683 /* ContentView.swift */; };
		20DB93E727682A3300D42683 /* Assets.xcassets in Resources */ = {isa = PBXBuildFile; fileRef = 20DB93BD27682A3200D42683 /* Assets.xcassets */; };
		20DB93E827682A3300D42683 /* Assets.xcassets in Resources */ = {isa = PBXBuildFile; fileRef = 20DB93BD27682A3200D42683 /* Assets.xcassets */; };
		20DB93FA27682B0D00D42683 /* Sample1View.swift in Sources */ = {isa = PBXBuildFile; fileRef = 20DB93F927682B0D00D42683 /* Sample1View.swift */; };
		20DB93FD2768894A00D42683 /* BadgeCardView.swift in Sources */ = {isa = PBXBuildFile; fileRef = 20DB93FC2768894A00D42683 /* BadgeCardView.swift */; };
		20DB942B276E00C200D42683 /* Sample2View.swift in Sources */ = {isa = PBXBuildFile; fileRef = 20DB942A276E00C200D42683 /* Sample2View.swift */; };
		20DB942E276E034D00D42683 /* Sample3View.swift in Sources */ = {isa = PBXBuildFile; fileRef = 20DB942D276E034D00D42683 /* Sample3View.swift */; };
		20DB943127700C2F00D42683 /* Sample4View.swift in Sources */ = {isa = PBXBuildFile; fileRef = 20DB943027700C2F00D42683 /* Sample4View.swift */; };
		20DB943327700C5700D42683 /* Sample4ViewModel.swift in Sources */ = {isa = PBXBuildFile; fileRef = 20DB943227700C5700D42683 /* Sample4ViewModel.swift */; };
		20DB943527700CFF00D42683 /* Sample4APIClient.swift in Sources */ = {isa = PBXBuildFile; fileRef = 20DB943427700CFF00D42683 /* Sample4APIClient.swift */; };
		20DB943827700F6E00D42683 /* QiitaItem.swift in Sources */ = {isa = PBXBuildFile; fileRef = 20DB943727700F6E00D42683 /* QiitaItem.swift */; };
		20DB943A2770135E00D42683 /* Sample4ViewModelTest.swift in Sources */ = {isa = PBXBuildFile; fileRef = 20DB94392770135E00D42683 /* Sample4ViewModelTest.swift */; platformFilter = ios; };
		20DB943C2770141300D42683 /* MockAPIClient.swift in Sources */ = {isa = PBXBuildFile; fileRef = 20DB943B2770141300D42683 /* MockAPIClient.swift */; platformFilter = ios; };
		20DB943D27701D4B00D42683 /* Sample4APIClient.swift in Sources */ = {isa = PBXBuildFile; fileRef = 20DB943427700CFF00D42683 /* Sample4APIClient.swift */; };
		20DB943E27701D5500D42683 /* QiitaItem.swift in Sources */ = {isa = PBXBuildFile; fileRef = 20DB943727700F6E00D42683 /* QiitaItem.swift */; };
		20DB943F27701DF200D42683 /* Sample4ViewModel.swift in Sources */ = {isa = PBXBuildFile; fileRef = 20DB943227700C5700D42683 /* Sample4ViewModel.swift */; };
		20FA163628EAD2B90020F291 /* Sample19View.swift in Sources */ = {isa = PBXBuildFile; fileRef = 20FA163528EAD2B90020F291 /* Sample19View.swift */; };
		20FA163928EAD3060020F291 /* SlidingTabView in Frameworks */ = {isa = PBXBuildFile; productRef = 20FA163828EAD3060020F291 /* SlidingTabView */; };
		20FA163C28EAD56B0020F291 /* Sample20View.swift in Sources */ = {isa = PBXBuildFile; fileRef = 20FA163B28EAD56B0020F291 /* Sample20View.swift */; };
		20FA163F28EAF8F40020F291 /* Sample21View.swift in Sources */ = {isa = PBXBuildFile; fileRef = 20FA163E28EAF8F40020F291 /* Sample21View.swift */; };
		20FA165228EC15500020F291 /* Sample22View.swift in Sources */ = {isa = PBXBuildFile; fileRef = 20FA165128EC15500020F291 /* Sample22View.swift */; };
		DD27A45C27993D5D008FBD84 /* Sample6View.swift in Sources */ = {isa = PBXBuildFile; fileRef = DD27A45B27993D5D008FBD84 /* Sample6View.swift */; };
		DD27A45E27993D65008FBD84 /* Sample6ViewModel.swift in Sources */ = {isa = PBXBuildFile; fileRef = DD27A45D27993D65008FBD84 /* Sample6ViewModel.swift */; };
/* End PBXBuildFile section */

/* Begin PBXContainerItemProxy section */
		20DB93D027682A3200D42683 /* PBXContainerItemProxy */ = {
			isa = PBXContainerItemProxy;
			containerPortal = 20DB93B627682A3200D42683 /* Project object */;
			proxyType = 1;
			remoteGlobalIDString = 20DB93C127682A3200D42683;
			remoteInfo = "SampleSwiftUI2 (iOS)";
		};
		20DB93DC27682A3200D42683 /* PBXContainerItemProxy */ = {
			isa = PBXContainerItemProxy;
			containerPortal = 20DB93B627682A3200D42683 /* Project object */;
			proxyType = 1;
			remoteGlobalIDString = 20DB93C727682A3200D42683;
			remoteInfo = "SampleSwiftUI2 (macOS)";
		};
/* End PBXContainerItemProxy section */

/* Begin PBXFileReference section */
		2002C9B6285E078A00CAD188 /* Sample8Cell.swift */ = {isa = PBXFileReference; lastKnownFileType = sourcecode.swift; path = Sample8Cell.swift; sourceTree = "<group>"; };
		2002C9B9285E106200CAD188 /* Sample9View.swift */ = {isa = PBXFileReference; lastKnownFileType = sourcecode.swift; path = Sample9View.swift; sourceTree = "<group>"; };
		2002C9BD285E12E000CAD188 /* Sample10View.swift */ = {isa = PBXFileReference; lastKnownFileType = sourcecode.swift; path = Sample10View.swift; sourceTree = "<group>"; };
		2002C9BF285E12E600CAD188 /* Sample11View.swift */ = {isa = PBXFileReference; lastKnownFileType = sourcecode.swift; path = Sample11View.swift; sourceTree = "<group>"; };
		2002C9C2285E14E400CAD188 /* Sample12View.swift */ = {isa = PBXFileReference; lastKnownFileType = sourcecode.swift; path = Sample12View.swift; sourceTree = "<group>"; };
		2002C9C4285E160E00CAD188 /* Sample12Cell.swift */ = {isa = PBXFileReference; lastKnownFileType = sourcecode.swift; path = Sample12Cell.swift; sourceTree = "<group>"; };
		2002C9C6285E16DB00CAD188 /* Sample12ImageCell.swift */ = {isa = PBXFileReference; lastKnownFileType = sourcecode.swift; path = Sample12ImageCell.swift; sourceTree = "<group>"; };
		2002C9C9285E877200CAD188 /* Sample13View.swift */ = {isa = PBXFileReference; lastKnownFileType = sourcecode.swift; path = Sample13View.swift; sourceTree = "<group>"; };
		2002C9CC285E890A00CAD188 /* Sample14View.swift */ = {isa = PBXFileReference; lastKnownFileType = sourcecode.swift; path = Sample14View.swift; sourceTree = "<group>"; };
		2028E53A2851DAD700DD5846 /* Sample7View.swift */ = {isa = PBXFileReference; lastKnownFileType = sourcecode.swift; path = Sample7View.swift; sourceTree = "<group>"; };
		2028E53C2851DB2000DD5846 /* CalendarView.swift */ = {isa = PBXFileReference; lastKnownFileType = sourcecode.swift; path = CalendarView.swift; sourceTree = "<group>"; };
		2062328127747119009BCC99 /* Sample5View.swift */ = {isa = PBXFileReference; lastKnownFileType = sourcecode.swift; path = Sample5View.swift; sourceTree = "<group>"; };
		206A7B45285C112A00445BEA /* Sample8View.swift */ = {isa = PBXFileReference; lastKnownFileType = sourcecode.swift; path = Sample8View.swift; sourceTree = "<group>"; };
		20C0D80228DCE3A8004B9C1D /* Sample15View.swift */ = {isa = PBXFileReference; lastKnownFileType = sourcecode.swift; path = Sample15View.swift; sourceTree = "<group>"; };
		20C0D80428DCE41A004B9C1D /* Sample15TestView.swift */ = {isa = PBXFileReference; lastKnownFileType = sourcecode.swift; path = Sample15TestView.swift; sourceTree = "<group>"; };
		20C0D80728DCEEAA004B9C1D /* Sample16View.swift */ = {isa = PBXFileReference; lastKnownFileType = sourcecode.swift; path = Sample16View.swift; sourceTree = "<group>"; };
		20C0D80A28DCF2F4004B9C1D /* Sample17View.swift */ = {isa = PBXFileReference; lastKnownFileType = sourcecode.swift; path = Sample17View.swift; sourceTree = "<group>"; };
		20C0D80C28DCF33B004B9C1D /* AlertObject.swift */ = {isa = PBXFileReference; lastKnownFileType = sourcecode.swift; path = AlertObject.swift; sourceTree = "<group>"; };
		20C0D80F28DCF7E6004B9C1D /* Sample18View.swift */ = {isa = PBXFileReference; lastKnownFileType = sourcecode.swift; path = Sample18View.swift; sourceTree = "<group>"; };
		20DB93BB27682A3200D42683 /* SampleSwiftUI2App.swift */ = {isa = PBXFileReference; lastKnownFileType = sourcecode.swift; path = SampleSwiftUI2App.swift; sourceTree = "<group>"; };
		20DB93BC27682A3200D42683 /* ContentView.swift */ = {isa = PBXFileReference; lastKnownFileType = sourcecode.swift; path = ContentView.swift; sourceTree = "<group>"; };
		20DB93BD27682A3200D42683 /* Assets.xcassets */ = {isa = PBXFileReference; lastKnownFileType = folder.assetcatalog; path = Assets.xcassets; sourceTree = "<group>"; };
		20DB93C227682A3200D42683 /* SampleSwiftUI2.app */ = {isa = PBXFileReference; explicitFileType = wrapper.application; includeInIndex = 0; path = SampleSwiftUI2.app; sourceTree = BUILT_PRODUCTS_DIR; };
		20DB93C827682A3200D42683 /* SampleSwiftUI2.app */ = {isa = PBXFileReference; explicitFileType = wrapper.application; includeInIndex = 0; path = SampleSwiftUI2.app; sourceTree = BUILT_PRODUCTS_DIR; };
		20DB93CA27682A3200D42683 /* macOS.entitlements */ = {isa = PBXFileReference; lastKnownFileType = text.plist.entitlements; path = macOS.entitlements; sourceTree = "<group>"; };
		20DB93CF27682A3200D42683 /* Tests iOS.xctest */ = {isa = PBXFileReference; explicitFileType = wrapper.cfbundle; includeInIndex = 0; path = "Tests iOS.xctest"; sourceTree = BUILT_PRODUCTS_DIR; };
		20DB93DB27682A3200D42683 /* Tests macOS.xctest */ = {isa = PBXFileReference; explicitFileType = wrapper.cfbundle; includeInIndex = 0; path = "Tests macOS.xctest"; sourceTree = BUILT_PRODUCTS_DIR; };
		20DB93DF27682A3200D42683 /* Tests_macOS.swift */ = {isa = PBXFileReference; lastKnownFileType = sourcecode.swift; path = Tests_macOS.swift; sourceTree = "<group>"; };
		20DB93E127682A3200D42683 /* Tests_macOSLaunchTests.swift */ = {isa = PBXFileReference; lastKnownFileType = sourcecode.swift; path = Tests_macOSLaunchTests.swift; sourceTree = "<group>"; };
		20DB93F927682B0D00D42683 /* Sample1View.swift */ = {isa = PBXFileReference; lastKnownFileType = sourcecode.swift; path = Sample1View.swift; sourceTree = "<group>"; };
		20DB93FC2768894A00D42683 /* BadgeCardView.swift */ = {isa = PBXFileReference; lastKnownFileType = sourcecode.swift; path = BadgeCardView.swift; sourceTree = "<group>"; };
		20DB942A276E00C200D42683 /* Sample2View.swift */ = {isa = PBXFileReference; lastKnownFileType = sourcecode.swift; path = Sample2View.swift; sourceTree = "<group>"; };
		20DB942D276E034D00D42683 /* Sample3View.swift */ = {isa = PBXFileReference; lastKnownFileType = sourcecode.swift; path = Sample3View.swift; sourceTree = "<group>"; };
		20DB943027700C2F00D42683 /* Sample4View.swift */ = {isa = PBXFileReference; lastKnownFileType = sourcecode.swift; path = Sample4View.swift; sourceTree = "<group>"; };
		20DB943227700C5700D42683 /* Sample4ViewModel.swift */ = {isa = PBXFileReference; lastKnownFileType = sourcecode.swift; path = Sample4ViewModel.swift; sourceTree = "<group>"; };
		20DB943427700CFF00D42683 /* Sample4APIClient.swift */ = {isa = PBXFileReference; lastKnownFileType = sourcecode.swift; path = Sample4APIClient.swift; sourceTree = "<group>"; };
		20DB943727700F6E00D42683 /* QiitaItem.swift */ = {isa = PBXFileReference; lastKnownFileType = sourcecode.swift; path = QiitaItem.swift; sourceTree = "<group>"; };
		20DB94392770135E00D42683 /* Sample4ViewModelTest.swift */ = {isa = PBXFileReference; lastKnownFileType = sourcecode.swift; path = Sample4ViewModelTest.swift; sourceTree = "<group>"; };
		20DB943B2770141300D42683 /* MockAPIClient.swift */ = {isa = PBXFileReference; lastKnownFileType = sourcecode.swift; path = MockAPIClient.swift; sourceTree = "<group>"; };
		20FA163528EAD2B90020F291 /* Sample19View.swift */ = {isa = PBXFileReference; lastKnownFileType = sourcecode.swift; path = Sample19View.swift; sourceTree = "<group>"; };
		20FA163B28EAD56B0020F291 /* Sample20View.swift */ = {isa = PBXFileReference; lastKnownFileType = sourcecode.swift; path = Sample20View.swift; sourceTree = "<group>"; };
		20FA163E28EAF8F40020F291 /* Sample21View.swift */ = {isa = PBXFileReference; lastKnownFileType = sourcecode.swift; path = Sample21View.swift; sourceTree = "<group>"; };
		20FA165128EC15500020F291 /* Sample22View.swift */ = {isa = PBXFileReference; lastKnownFileType = sourcecode.swift; path = Sample22View.swift; sourceTree = "<group>"; };
		DD27A45B27993D5D008FBD84 /* Sample6View.swift */ = {isa = PBXFileReference; lastKnownFileType = sourcecode.swift; path = Sample6View.swift; sourceTree = "<group>"; };
		DD27A45D27993D65008FBD84 /* Sample6ViewModel.swift */ = {isa = PBXFileReference; lastKnownFileType = sourcecode.swift; path = Sample6ViewModel.swift; sourceTree = "<group>"; };
		DD27A45F27993E32008FBD84 /* SampleSwiftUI2 (iOS).entitlements */ = {isa = PBXFileReference; lastKnownFileType = text.plist.entitlements; path = "SampleSwiftUI2 (iOS).entitlements"; sourceTree = "<group>"; };
/* End PBXFileReference section */

/* Begin PBXFrameworksBuildPhase section */
		20DB93BF27682A3200D42683 /* Frameworks */ = {
			isa = PBXFrameworksBuildPhase;
			buildActionMask = 2147483647;
			files = (
				20FA163928EAD3060020F291 /* SlidingTabView in Frameworks */,
			);
			runOnlyForDeploymentPostprocessing = 0;
		};
		20DB93C527682A3200D42683 /* Frameworks */ = {
			isa = PBXFrameworksBuildPhase;
			buildActionMask = 2147483647;
			files = (
			);
			runOnlyForDeploymentPostprocessing = 0;
		};
		20DB93CC27682A3200D42683 /* Frameworks */ = {
			isa = PBXFrameworksBuildPhase;
			buildActionMask = 2147483647;
			files = (
			);
			runOnlyForDeploymentPostprocessing = 0;
		};
		20DB93D827682A3200D42683 /* Frameworks */ = {
			isa = PBXFrameworksBuildPhase;
			buildActionMask = 2147483647;
			files = (
			);
			runOnlyForDeploymentPostprocessing = 0;
		};
/* End PBXFrameworksBuildPhase section */

/* Begin PBXGroup section */
		2002C9B8285E104900CAD188 /* Sample9 */ = {
			isa = PBXGroup;
			children = (
				2002C9B9285E106200CAD188 /* Sample9View.swift */,
			);
			path = Sample9;
			sourceTree = "<group>";
		};
		2002C9BB285E12C300CAD188 /* Sample10 */ = {
			isa = PBXGroup;
			children = (
				2002C9BD285E12E000CAD188 /* Sample10View.swift */,
			);
			path = Sample10;
			sourceTree = "<group>";
		};
		2002C9BC285E12D300CAD188 /* Sample11 */ = {
			isa = PBXGroup;
			children = (
				2002C9BF285E12E600CAD188 /* Sample11View.swift */,
			);
			path = Sample11;
			sourceTree = "<group>";
		};
		2002C9C1285E14D700CAD188 /* Sample12 */ = {
			isa = PBXGroup;
			children = (
				2002C9C2285E14E400CAD188 /* Sample12View.swift */,
				2002C9C4285E160E00CAD188 /* Sample12Cell.swift */,
				2002C9C6285E16DB00CAD188 /* Sample12ImageCell.swift */,
			);
			path = Sample12;
			sourceTree = "<group>";
		};
		2002C9C8285E876200CAD188 /* Sample13 */ = {
			isa = PBXGroup;
			children = (
				2002C9C9285E877200CAD188 /* Sample13View.swift */,
			);
			path = Sample13;
			sourceTree = "<group>";
		};
		2002C9CB285E88FA00CAD188 /* Sample14 */ = {
			isa = PBXGroup;
			children = (
				2002C9CC285E890A00CAD188 /* Sample14View.swift */,
			);
			path = Sample14;
			sourceTree = "<group>";
		};
		2028E5392851DABD00DD5846 /* Sample7 */ = {
			isa = PBXGroup;
			children = (
				2028E53A2851DAD700DD5846 /* Sample7View.swift */,
				2028E53C2851DB2000DD5846 /* CalendarView.swift */,
			);
			path = Sample7;
			sourceTree = "<group>";
		};
		2062328027747107009BCC99 /* Sample5 */ = {
			isa = PBXGroup;
			children = (
				2062328127747119009BCC99 /* Sample5View.swift */,
			);
			path = Sample5;
			sourceTree = "<group>";
		};
		206A7B44285C111A00445BEA /* Sample8 */ = {
			isa = PBXGroup;
			children = (
				206A7B45285C112A00445BEA /* Sample8View.swift */,
				2002C9B6285E078A00CAD188 /* Sample8Cell.swift */,
			);
			path = Sample8;
			sourceTree = "<group>";
		};
		20C0D80128DCE393004B9C1D /* Sample15 */ = {
			isa = PBXGroup;
			children = (
				20C0D80228DCE3A8004B9C1D /* Sample15View.swift */,
				20C0D80428DCE41A004B9C1D /* Sample15TestView.swift */,
			);
			path = Sample15;
			sourceTree = "<group>";
		};
		20C0D80628DCEE9C004B9C1D /* Sample16 */ = {
			isa = PBXGroup;
			children = (
				20C0D80728DCEEAA004B9C1D /* Sample16View.swift */,
			);
			path = Sample16;
			sourceTree = "<group>";
		};
		20C0D80928DCF2E3004B9C1D /* Sample17 */ = {
			isa = PBXGroup;
			children = (
				20C0D80A28DCF2F4004B9C1D /* Sample17View.swift */,
				20C0D80C28DCF33B004B9C1D /* AlertObject.swift */,
			);
			path = Sample17;
			sourceTree = "<group>";
		};
		20C0D80E28DCF7D7004B9C1D /* Sample18 */ = {
			isa = PBXGroup;
			children = (
				20C0D80F28DCF7E6004B9C1D /* Sample18View.swift */,
			);
			path = Sample18;
			sourceTree = "<group>";
		};
		20DB93B527682A3200D42683 = {
			isa = PBXGroup;
			children = (
				DD27A45F27993E32008FBD84 /* SampleSwiftUI2 (iOS).entitlements */,
				20DB93BA27682A3200D42683 /* Shared */,
				20DB93C927682A3200D42683 /* macOS */,
				20DB93D227682A3200D42683 /* Tests iOS */,
				20DB93DE27682A3200D42683 /* Tests macOS */,
				20DB93C327682A3200D42683 /* Products */,
			);
			sourceTree = "<group>";
		};
		20DB93BA27682A3200D42683 /* Shared */ = {
			isa = PBXGroup;
			children = (
				20DB93BB27682A3200D42683 /* SampleSwiftUI2App.swift */,
				20DB93BC27682A3200D42683 /* ContentView.swift */,
				20DB943627700F5900D42683 /* Entity */,
				20DB93F727682AED00D42683 /* Views */,
				20DB93BD27682A3200D42683 /* Assets.xcassets */,
			);
			path = Shared;
			sourceTree = "<group>";
		};
		20DB93C327682A3200D42683 /* Products */ = {
			isa = PBXGroup;
			children = (
				20DB93C227682A3200D42683 /* SampleSwiftUI2.app */,
				20DB93C827682A3200D42683 /* SampleSwiftUI2.app */,
				20DB93CF27682A3200D42683 /* Tests iOS.xctest */,
				20DB93DB27682A3200D42683 /* Tests macOS.xctest */,
			);
			name = Products;
			sourceTree = "<group>";
		};
		20DB93C927682A3200D42683 /* macOS */ = {
			isa = PBXGroup;
			children = (
				20DB93CA27682A3200D42683 /* macOS.entitlements */,
			);
			path = macOS;
			sourceTree = "<group>";
		};
		20DB93D227682A3200D42683 /* Tests iOS */ = {
			isa = PBXGroup;
			children = (
				20DB94392770135E00D42683 /* Sample4ViewModelTest.swift */,
				20DB943B2770141300D42683 /* MockAPIClient.swift */,
			);
			path = "Tests iOS";
			sourceTree = "<group>";
		};
		20DB93DE27682A3200D42683 /* Tests macOS */ = {
			isa = PBXGroup;
			children = (
				20DB93DF27682A3200D42683 /* Tests_macOS.swift */,
				20DB93E127682A3200D42683 /* Tests_macOSLaunchTests.swift */,
			);
			path = "Tests macOS";
			sourceTree = "<group>";
		};
		20DB93F727682AED00D42683 /* Views */ = {
			isa = PBXGroup;
			children = (
				20DB93FB2768893A00D42683 /* Common */,
				20DB93F827682B0600D42683 /* Sample1 */,
				20DB9429276E00A400D42683 /* Sample2 */,
				20DB942C276E033E00D42683 /* Sample3 */,
				20DB942F27700C2400D42683 /* Sample4 */,
				2062328027747107009BCC99 /* Sample5 */,
				DD27A45A27993D4E008FBD84 /* Sample6 */,
				2028E5392851DABD00DD5846 /* Sample7 */,
				206A7B44285C111A00445BEA /* Sample8 */,
				2002C9B8285E104900CAD188 /* Sample9 */,
				2002C9BB285E12C300CAD188 /* Sample10 */,
				2002C9BC285E12D300CAD188 /* Sample11 */,
				2002C9C1285E14D700CAD188 /* Sample12 */,
				2002C9C8285E876200CAD188 /* Sample13 */,
				2002C9CB285E88FA00CAD188 /* Sample14 */,
				20C0D80128DCE393004B9C1D /* Sample15 */,
				20C0D80628DCEE9C004B9C1D /* Sample16 */,
				20C0D80928DCF2E3004B9C1D /* Sample17 */,
				20C0D80E28DCF7D7004B9C1D /* Sample18 */,
				20FA163428EAD29B0020F291 /* Sample19 */,
				20FA163A28EAD55C0020F291 /* Sample20 */,
				20FA163D28EAF8E50020F291 /* Sample21 */,
				20FA165028EC15440020F291 /* Sample22 */,
			);
			path = Views;
			sourceTree = "<group>";
		};
		20DB93F827682B0600D42683 /* Sample1 */ = {
			isa = PBXGroup;
			children = (
				20DB93F927682B0D00D42683 /* Sample1View.swift */,
			);
			path = Sample1;
			sourceTree = "<group>";
		};
		20DB93FB2768893A00D42683 /* Common */ = {
			isa = PBXGroup;
			children = (
				20DB93FC2768894A00D42683 /* BadgeCardView.swift */,
			);
			path = Common;
			sourceTree = "<group>";
		};
		20DB9429276E00A400D42683 /* Sample2 */ = {
			isa = PBXGroup;
			children = (
				20DB942A276E00C200D42683 /* Sample2View.swift */,
			);
			path = Sample2;
			sourceTree = "<group>";
		};
		20DB942C276E033E00D42683 /* Sample3 */ = {
			isa = PBXGroup;
			children = (
				20DB942D276E034D00D42683 /* Sample3View.swift */,
			);
			path = Sample3;
			sourceTree = "<group>";
		};
		20DB942F27700C2400D42683 /* Sample4 */ = {
			isa = PBXGroup;
			children = (
				20DB943027700C2F00D42683 /* Sample4View.swift */,
				20DB943227700C5700D42683 /* Sample4ViewModel.swift */,
				20DB943427700CFF00D42683 /* Sample4APIClient.swift */,
			);
			path = Sample4;
			sourceTree = "<group>";
		};
		20DB943627700F5900D42683 /* Entity */ = {
			isa = PBXGroup;
			children = (
				20DB943727700F6E00D42683 /* QiitaItem.swift */,
			);
			path = Entity;
			sourceTree = "<group>";
		};
		20FA163428EAD29B0020F291 /* Sample19 */ = {
			isa = PBXGroup;
			children = (
				20FA163528EAD2B90020F291 /* Sample19View.swift */,
			);
			path = Sample19;
			sourceTree = "<group>";
		};
		20FA163A28EAD55C0020F291 /* Sample20 */ = {
			isa = PBXGroup;
			children = (
				20FA163B28EAD56B0020F291 /* Sample20View.swift */,
			);
			path = Sample20;
			sourceTree = "<group>";
		};
		20FA163D28EAF8E50020F291 /* Sample21 */ = {
			isa = PBXGroup;
			children = (
				20FA163E28EAF8F40020F291 /* Sample21View.swift */,
			);
			path = Sample21;
			sourceTree = "<group>";
		};
		20FA165028EC15440020F291 /* Sample22 */ = {
			isa = PBXGroup;
			children = (
				20FA165128EC15500020F291 /* Sample22View.swift */,
			);
			path = Sample22;
			sourceTree = "<group>";
		};
		DD27A45A27993D4E008FBD84 /* Sample6 */ = {
			isa = PBXGroup;
			children = (
				DD27A45B27993D5D008FBD84 /* Sample6View.swift */,
				DD27A45D27993D65008FBD84 /* Sample6ViewModel.swift */,
			);
			path = Sample6;
			sourceTree = "<group>";
		};
/* End PBXGroup section */

/* Begin PBXNativeTarget section */
		20DB93C127682A3200D42683 /* SampleSwiftUI2 (iOS) */ = {
			isa = PBXNativeTarget;
			buildConfigurationList = 20DB93EB27682A3300D42683 /* Build configuration list for PBXNativeTarget "SampleSwiftUI2 (iOS)" */;
			buildPhases = (
				20DB93BE27682A3200D42683 /* Sources */,
				20DB93BF27682A3200D42683 /* Frameworks */,
				20DB93C027682A3200D42683 /* Resources */,
			);
			buildRules = (
			);
			dependencies = (
			);
			name = "SampleSwiftUI2 (iOS)";
			packageProductDependencies = (
				20FA163828EAD3060020F291 /* SlidingTabView */,
			);
			productName = "SampleSwiftUI2 (iOS)";
			productReference = 20DB93C227682A3200D42683 /* SampleSwiftUI2.app */;
			productType = "com.apple.product-type.application";
		};
		20DB93C727682A3200D42683 /* SampleSwiftUI2 (macOS) */ = {
			isa = PBXNativeTarget;
			buildConfigurationList = 20DB93EE27682A3300D42683 /* Build configuration list for PBXNativeTarget "SampleSwiftUI2 (macOS)" */;
			buildPhases = (
				20DB93C427682A3200D42683 /* Sources */,
				20DB93C527682A3200D42683 /* Frameworks */,
				20DB93C627682A3200D42683 /* Resources */,
			);
			buildRules = (
			);
			dependencies = (
			);
			name = "SampleSwiftUI2 (macOS)";
			productName = "SampleSwiftUI2 (macOS)";
			productReference = 20DB93C827682A3200D42683 /* SampleSwiftUI2.app */;
			productType = "com.apple.product-type.application";
		};
		20DB93CE27682A3200D42683 /* Tests iOS */ = {
			isa = PBXNativeTarget;
			buildConfigurationList = 20DB93F127682A3300D42683 /* Build configuration list for PBXNativeTarget "Tests iOS" */;
			buildPhases = (
				20DB93CB27682A3200D42683 /* Sources */,
				20DB93CC27682A3200D42683 /* Frameworks */,
				20DB93CD27682A3200D42683 /* Resources */,
			);
			buildRules = (
			);
			dependencies = (
				20DB93D127682A3200D42683 /* PBXTargetDependency */,
			);
			name = "Tests iOS";
			productName = "Tests iOS";
			productReference = 20DB93CF27682A3200D42683 /* Tests iOS.xctest */;
			productType = "com.apple.product-type.bundle.ui-testing";
		};
		20DB93DA27682A3200D42683 /* Tests macOS */ = {
			isa = PBXNativeTarget;
			buildConfigurationList = 20DB93F427682A3300D42683 /* Build configuration list for PBXNativeTarget "Tests macOS" */;
			buildPhases = (
				20DB93D727682A3200D42683 /* Sources */,
				20DB93D827682A3200D42683 /* Frameworks */,
				20DB93D927682A3200D42683 /* Resources */,
			);
			buildRules = (
			);
			dependencies = (
				20DB93DD27682A3200D42683 /* PBXTargetDependency */,
			);
			name = "Tests macOS";
			productName = "Tests macOS";
			productReference = 20DB93DB27682A3200D42683 /* Tests macOS.xctest */;
			productType = "com.apple.product-type.bundle.ui-testing";
		};
/* End PBXNativeTarget section */

/* Begin PBXProject section */
		20DB93B627682A3200D42683 /* Project object */ = {
			isa = PBXProject;
			attributes = {
				BuildIndependentTargetsInParallel = 1;
				LastSwiftUpdateCheck = 1310;
				LastUpgradeCheck = 1310;
				TargetAttributes = {
					20DB93C127682A3200D42683 = {
						CreatedOnToolsVersion = 13.1;
					};
					20DB93C727682A3200D42683 = {
						CreatedOnToolsVersion = 13.1;
					};
					20DB93CE27682A3200D42683 = {
						CreatedOnToolsVersion = 13.1;
						TestTargetID = 20DB93C127682A3200D42683;
					};
					20DB93DA27682A3200D42683 = {
						CreatedOnToolsVersion = 13.1;
						TestTargetID = 20DB93C727682A3200D42683;
					};
				};
			};
			buildConfigurationList = 20DB93B927682A3200D42683 /* Build configuration list for PBXProject "SampleSwiftUI2" */;
			compatibilityVersion = "Xcode 13.0";
			developmentRegion = en;
			hasScannedForEncodings = 0;
			knownRegions = (
				en,
				Base,
			);
			mainGroup = 20DB93B527682A3200D42683;
			packageReferences = (
				20FA163728EAD3060020F291 /* XCRemoteSwiftPackageReference "SlidingTabView" */,
			);
			productRefGroup = 20DB93C327682A3200D42683 /* Products */;
			projectDirPath = "";
			projectRoot = "";
			targets = (
				20DB93C127682A3200D42683 /* SampleSwiftUI2 (iOS) */,
				20DB93C727682A3200D42683 /* SampleSwiftUI2 (macOS) */,
				20DB93CE27682A3200D42683 /* Tests iOS */,
				20DB93DA27682A3200D42683 /* Tests macOS */,
			);
		};
/* End PBXProject section */

/* Begin PBXResourcesBuildPhase section */
		20DB93C027682A3200D42683 /* Resources */ = {
			isa = PBXResourcesBuildPhase;
			buildActionMask = 2147483647;
			files = (
				20DB93E727682A3300D42683 /* Assets.xcassets in Resources */,
			);
			runOnlyForDeploymentPostprocessing = 0;
		};
		20DB93C627682A3200D42683 /* Resources */ = {
			isa = PBXResourcesBuildPhase;
			buildActionMask = 2147483647;
			files = (
				20DB93E827682A3300D42683 /* Assets.xcassets in Resources */,
			);
			runOnlyForDeploymentPostprocessing = 0;
		};
		20DB93CD27682A3200D42683 /* Resources */ = {
			isa = PBXResourcesBuildPhase;
			buildActionMask = 2147483647;
			files = (
			);
			runOnlyForDeploymentPostprocessing = 0;
		};
		20DB93D927682A3200D42683 /* Resources */ = {
			isa = PBXResourcesBuildPhase;
			buildActionMask = 2147483647;
			files = (
			);
			runOnlyForDeploymentPostprocessing = 0;
		};
/* End PBXResourcesBuildPhase section */

/* Begin PBXSourcesBuildPhase section */
		20DB93BE27682A3200D42683 /* Sources */ = {
			isa = PBXSourcesBuildPhase;
			buildActionMask = 2147483647;
			files = (
				2002C9C5285E160E00CAD188 /* Sample12Cell.swift in Sources */,
				2002C9B7285E078A00CAD188 /* Sample8Cell.swift in Sources */,
				2002C9BE285E12E000CAD188 /* Sample10View.swift in Sources */,
				20DB943127700C2F00D42683 /* Sample4View.swift in Sources */,
				20C0D80528DCE41A004B9C1D /* Sample15TestView.swift in Sources */,
				206A7B46285C112A00445BEA /* Sample8View.swift in Sources */,
				20DB943827700F6E00D42683 /* QiitaItem.swift in Sources */,
				2002C9CA285E877200CAD188 /* Sample13View.swift in Sources */,
				2002C9C7285E16DB00CAD188 /* Sample12ImageCell.swift in Sources */,
				2062328227747119009BCC99 /* Sample5View.swift in Sources */,
				20DB942E276E034D00D42683 /* Sample3View.swift in Sources */,
				2028E53B2851DAD700DD5846 /* Sample7View.swift in Sources */,
				2002C9CD285E890A00CAD188 /* Sample14View.swift in Sources */,
				20C0D80828DCEEAA004B9C1D /* Sample16View.swift in Sources */,
				2002C9C0285E12E600CAD188 /* Sample11View.swift in Sources */,
				20C0D80B28DCF2F4004B9C1D /* Sample17View.swift in Sources */,
				2028E53D2851DB2000DD5846 /* CalendarView.swift in Sources */,
				20DB943527700CFF00D42683 /* Sample4APIClient.swift in Sources */,
				20DB93FA27682B0D00D42683 /* Sample1View.swift in Sources */,
				20C0D81028DCF7E6004B9C1D /* Sample18View.swift in Sources */,
				20FA163628EAD2B90020F291 /* Sample19View.swift in Sources */,
				20FA165228EC15500020F291 /* Sample22View.swift in Sources */,
				20DB943327700C5700D42683 /* Sample4ViewModel.swift in Sources */,
				20DB93E527682A3300D42683 /* ContentView.swift in Sources */,
				20DB93FD2768894A00D42683 /* BadgeCardView.swift in Sources */,
				DD27A45E27993D65008FBD84 /* Sample6ViewModel.swift in Sources */,
				20C0D80D28DCF33B004B9C1D /* AlertObject.swift in Sources */,
				2002C9BA285E106200CAD188 /* Sample9View.swift in Sources */,
				20FA163C28EAD56B0020F291 /* Sample20View.swift in Sources */,
				2002C9C3285E14E400CAD188 /* Sample12View.swift in Sources */,
				20C0D80328DCE3A8004B9C1D /* Sample15View.swift in Sources */,
				20DB942B276E00C200D42683 /* Sample2View.swift in Sources */,
				20DB93E327682A3300D42683 /* SampleSwiftUI2App.swift in Sources */,
				DD27A45C27993D5D008FBD84 /* Sample6View.swift in Sources */,
				20FA163F28EAF8F40020F291 /* Sample21View.swift in Sources */,
			);
			runOnlyForDeploymentPostprocessing = 0;
		};
		20DB93C427682A3200D42683 /* Sources */ = {
			isa = PBXSourcesBuildPhase;
			buildActionMask = 2147483647;
			files = (
			);
			runOnlyForDeploymentPostprocessing = 0;
		};
		20DB93CB27682A3200D42683 /* Sources */ = {
			isa = PBXSourcesBuildPhase;
			buildActionMask = 2147483647;
			files = (
				20DB943A2770135E00D42683 /* Sample4ViewModelTest.swift in Sources */,
				20DB943F27701DF200D42683 /* Sample4ViewModel.swift in Sources */,
				20DB943E27701D5500D42683 /* QiitaItem.swift in Sources */,
				20DB943C2770141300D42683 /* MockAPIClient.swift in Sources */,
				20DB943D27701D4B00D42683 /* Sample4APIClient.swift in Sources */,
			);
			runOnlyForDeploymentPostprocessing = 0;
		};
		20DB93D727682A3200D42683 /* Sources */ = {
			isa = PBXSourcesBuildPhase;
			buildActionMask = 2147483647;
			files = (
				20DB93E227682A3200D42683 /* Tests_macOSLaunchTests.swift in Sources */,
				20DB93E027682A3200D42683 /* Tests_macOS.swift in Sources */,
			);
			runOnlyForDeploymentPostprocessing = 0;
		};
/* End PBXSourcesBuildPhase section */

/* Begin PBXTargetDependency section */
		20DB93D127682A3200D42683 /* PBXTargetDependency */ = {
			isa = PBXTargetDependency;
			platformFilter = ios;
			target = 20DB93C127682A3200D42683 /* SampleSwiftUI2 (iOS) */;
			targetProxy = 20DB93D027682A3200D42683 /* PBXContainerItemProxy */;
		};
		20DB93DD27682A3200D42683 /* PBXTargetDependency */ = {
			isa = PBXTargetDependency;
			target = 20DB93C727682A3200D42683 /* SampleSwiftUI2 (macOS) */;
			targetProxy = 20DB93DC27682A3200D42683 /* PBXContainerItemProxy */;
		};
/* End PBXTargetDependency section */

/* Begin XCBuildConfiguration section */
		20DB93E927682A3300D42683 /* Debug */ = {
			isa = XCBuildConfiguration;
			buildSettings = {
				ALWAYS_SEARCH_USER_PATHS = NO;
				CLANG_ANALYZER_NONNULL = YES;
				CLANG_ANALYZER_NUMBER_OBJECT_CONVERSION = YES_AGGRESSIVE;
				CLANG_CXX_LANGUAGE_STANDARD = "gnu++17";
				CLANG_CXX_LIBRARY = "libc++";
				CLANG_ENABLE_MODULES = YES;
				CLANG_ENABLE_OBJC_ARC = YES;
				CLANG_ENABLE_OBJC_WEAK = YES;
				CLANG_WARN_BLOCK_CAPTURE_AUTORELEASING = YES;
				CLANG_WARN_BOOL_CONVERSION = YES;
				CLANG_WARN_COMMA = YES;
				CLANG_WARN_CONSTANT_CONVERSION = YES;
				CLANG_WARN_DEPRECATED_OBJC_IMPLEMENTATIONS = YES;
				CLANG_WARN_DIRECT_OBJC_ISA_USAGE = YES_ERROR;
				CLANG_WARN_DOCUMENTATION_COMMENTS = YES;
				CLANG_WARN_EMPTY_BODY = YES;
				CLANG_WARN_ENUM_CONVERSION = YES;
				CLANG_WARN_INFINITE_RECURSION = YES;
				CLANG_WARN_INT_CONVERSION = YES;
				CLANG_WARN_NON_LITERAL_NULL_CONVERSION = YES;
				CLANG_WARN_OBJC_IMPLICIT_RETAIN_SELF = YES;
				CLANG_WARN_OBJC_LITERAL_CONVERSION = YES;
				CLANG_WARN_OBJC_ROOT_CLASS = YES_ERROR;
				CLANG_WARN_QUOTED_INCLUDE_IN_FRAMEWORK_HEADER = YES;
				CLANG_WARN_RANGE_LOOP_ANALYSIS = YES;
				CLANG_WARN_STRICT_PROTOTYPES = YES;
				CLANG_WARN_SUSPICIOUS_MOVE = YES;
				CLANG_WARN_UNGUARDED_AVAILABILITY = YES_AGGRESSIVE;
				CLANG_WARN_UNREACHABLE_CODE = YES;
				CLANG_WARN__DUPLICATE_METHOD_MATCH = YES;
				COPY_PHASE_STRIP = NO;
				DEBUG_INFORMATION_FORMAT = dwarf;
				ENABLE_STRICT_OBJC_MSGSEND = YES;
				ENABLE_TESTABILITY = YES;
				GCC_C_LANGUAGE_STANDARD = gnu11;
				GCC_DYNAMIC_NO_PIC = NO;
				GCC_NO_COMMON_BLOCKS = YES;
				GCC_OPTIMIZATION_LEVEL = 0;
				GCC_PREPROCESSOR_DEFINITIONS = (
					"DEBUG=1",
					"$(inherited)",
				);
				GCC_WARN_64_TO_32_BIT_CONVERSION = YES;
				GCC_WARN_ABOUT_RETURN_TYPE = YES_ERROR;
				GCC_WARN_UNDECLARED_SELECTOR = YES;
				GCC_WARN_UNINITIALIZED_AUTOS = YES_AGGRESSIVE;
				GCC_WARN_UNUSED_FUNCTION = YES;
				GCC_WARN_UNUSED_VARIABLE = YES;
				MTL_ENABLE_DEBUG_INFO = INCLUDE_SOURCE;
				MTL_FAST_MATH = YES;
				ONLY_ACTIVE_ARCH = YES;
				SWIFT_ACTIVE_COMPILATION_CONDITIONS = DEBUG;
				SWIFT_OPTIMIZATION_LEVEL = "-Onone";
			};
			name = Debug;
		};
		20DB93EA27682A3300D42683 /* Release */ = {
			isa = XCBuildConfiguration;
			buildSettings = {
				ALWAYS_SEARCH_USER_PATHS = NO;
				CLANG_ANALYZER_NONNULL = YES;
				CLANG_ANALYZER_NUMBER_OBJECT_CONVERSION = YES_AGGRESSIVE;
				CLANG_CXX_LANGUAGE_STANDARD = "gnu++17";
				CLANG_CXX_LIBRARY = "libc++";
				CLANG_ENABLE_MODULES = YES;
				CLANG_ENABLE_OBJC_ARC = YES;
				CLANG_ENABLE_OBJC_WEAK = YES;
				CLANG_WARN_BLOCK_CAPTURE_AUTORELEASING = YES;
				CLANG_WARN_BOOL_CONVERSION = YES;
				CLANG_WARN_COMMA = YES;
				CLANG_WARN_CONSTANT_CONVERSION = YES;
				CLANG_WARN_DEPRECATED_OBJC_IMPLEMENTATIONS = YES;
				CLANG_WARN_DIRECT_OBJC_ISA_USAGE = YES_ERROR;
				CLANG_WARN_DOCUMENTATION_COMMENTS = YES;
				CLANG_WARN_EMPTY_BODY = YES;
				CLANG_WARN_ENUM_CONVERSION = YES;
				CLANG_WARN_INFINITE_RECURSION = YES;
				CLANG_WARN_INT_CONVERSION = YES;
				CLANG_WARN_NON_LITERAL_NULL_CONVERSION = YES;
				CLANG_WARN_OBJC_IMPLICIT_RETAIN_SELF = YES;
				CLANG_WARN_OBJC_LITERAL_CONVERSION = YES;
				CLANG_WARN_OBJC_ROOT_CLASS = YES_ERROR;
				CLANG_WARN_QUOTED_INCLUDE_IN_FRAMEWORK_HEADER = YES;
				CLANG_WARN_RANGE_LOOP_ANALYSIS = YES;
				CLANG_WARN_STRICT_PROTOTYPES = YES;
				CLANG_WARN_SUSPICIOUS_MOVE = YES;
				CLANG_WARN_UNGUARDED_AVAILABILITY = YES_AGGRESSIVE;
				CLANG_WARN_UNREACHABLE_CODE = YES;
				CLANG_WARN__DUPLICATE_METHOD_MATCH = YES;
				COPY_PHASE_STRIP = NO;
				DEBUG_INFORMATION_FORMAT = "dwarf-with-dsym";
				ENABLE_NS_ASSERTIONS = NO;
				ENABLE_STRICT_OBJC_MSGSEND = YES;
				GCC_C_LANGUAGE_STANDARD = gnu11;
				GCC_NO_COMMON_BLOCKS = YES;
				GCC_WARN_64_TO_32_BIT_CONVERSION = YES;
				GCC_WARN_ABOUT_RETURN_TYPE = YES_ERROR;
				GCC_WARN_UNDECLARED_SELECTOR = YES;
				GCC_WARN_UNINITIALIZED_AUTOS = YES_AGGRESSIVE;
				GCC_WARN_UNUSED_FUNCTION = YES;
				GCC_WARN_UNUSED_VARIABLE = YES;
				MTL_ENABLE_DEBUG_INFO = NO;
				MTL_FAST_MATH = YES;
				SWIFT_COMPILATION_MODE = wholemodule;
				SWIFT_OPTIMIZATION_LEVEL = "-O";
			};
			name = Release;
		};
		20DB93EC27682A3300D42683 /* Debug */ = {
			isa = XCBuildConfiguration;
			buildSettings = {
				ASSETCATALOG_COMPILER_APPICON_NAME = AppIcon;
				ASSETCATALOG_COMPILER_GLOBAL_ACCENT_COLOR_NAME = AccentColor;
				CODE_SIGN_ENTITLEMENTS = "SampleSwiftUI2 (iOS).entitlements";
				CODE_SIGN_STYLE = Automatic;
				CURRENT_PROJECT_VERSION = 1;
				DEVELOPMENT_TEAM = 98UFL8A7L4;
				ENABLE_PREVIEWS = YES;
				GENERATE_INFOPLIST_FILE = YES;
				INFOPLIST_KEY_UIApplicationSceneManifest_Generation = YES;
				INFOPLIST_KEY_UIApplicationSupportsIndirectInputEvents = YES;
				INFOPLIST_KEY_UILaunchScreen_Generation = YES;
				INFOPLIST_KEY_UISupportedInterfaceOrientations_iPad = "UIInterfaceOrientationPortrait UIInterfaceOrientationPortraitUpsideDown UIInterfaceOrientationLandscapeLeft UIInterfaceOrientationLandscapeRight";
				INFOPLIST_KEY_UISupportedInterfaceOrientations_iPhone = "UIInterfaceOrientationPortrait UIInterfaceOrientationLandscapeLeft UIInterfaceOrientationLandscapeRight";
				IPHONEOS_DEPLOYMENT_TARGET = 16.0;
				LD_RUNPATH_SEARCH_PATHS = (
					"$(inherited)",
					"@executable_path/Frameworks",
				);
				MARKETING_VERSION = 1.0;
				PRODUCT_BUNDLE_IDENTIFIER = com.fuwamaki.SampleSwiftUI2;
				PRODUCT_NAME = SampleSwiftUI2;
				SDKROOT = iphoneos;
				SWIFT_EMIT_LOC_STRINGS = YES;
				SWIFT_VERSION = 5.0;
				TARGETED_DEVICE_FAMILY = "1,2";
			};
			name = Debug;
		};
		20DB93ED27682A3300D42683 /* Release */ = {
			isa = XCBuildConfiguration;
			buildSettings = {
				ASSETCATALOG_COMPILER_APPICON_NAME = AppIcon;
				ASSETCATALOG_COMPILER_GLOBAL_ACCENT_COLOR_NAME = AccentColor;
				CODE_SIGN_ENTITLEMENTS = "SampleSwiftUI2 (iOS).entitlements";
				CODE_SIGN_STYLE = Automatic;
				CURRENT_PROJECT_VERSION = 1;
				DEVELOPMENT_TEAM = 98UFL8A7L4;
				ENABLE_PREVIEWS = YES;
				GENERATE_INFOPLIST_FILE = YES;
				INFOPLIST_KEY_UIApplicationSceneManifest_Generation = YES;
				INFOPLIST_KEY_UIApplicationSupportsIndirectInputEvents = YES;
				INFOPLIST_KEY_UILaunchScreen_Generation = YES;
				INFOPLIST_KEY_UISupportedInterfaceOrientations_iPad = "UIInterfaceOrientationPortrait UIInterfaceOrientationPortraitUpsideDown UIInterfaceOrientationLandscapeLeft UIInterfaceOrientationLandscapeRight";
				INFOPLIST_KEY_UISupportedInterfaceOrientations_iPhone = "UIInterfaceOrientationPortrait UIInterfaceOrientationLandscapeLeft UIInterfaceOrientationLandscapeRight";
				IPHONEOS_DEPLOYMENT_TARGET = 16.0;
				LD_RUNPATH_SEARCH_PATHS = (
					"$(inherited)",
					"@executable_path/Frameworks",
				);
				MARKETING_VERSION = 1.0;
				PRODUCT_BUNDLE_IDENTIFIER = com.fuwamaki.SampleSwiftUI2;
				PRODUCT_NAME = SampleSwiftUI2;
				SDKROOT = iphoneos;
				SWIFT_EMIT_LOC_STRINGS = YES;
				SWIFT_VERSION = 5.0;
				TARGETED_DEVICE_FAMILY = "1,2";
				VALIDATE_PRODUCT = YES;
			};
			name = Release;
		};
		20DB93EF27682A3300D42683 /* Debug */ = {
			isa = XCBuildConfiguration;
			buildSettings = {
				ASSETCATALOG_COMPILER_APPICON_NAME = AppIcon;
				ASSETCATALOG_COMPILER_GLOBAL_ACCENT_COLOR_NAME = AccentColor;
				CODE_SIGN_ENTITLEMENTS = macOS/macOS.entitlements;
				CODE_SIGN_STYLE = Automatic;
				COMBINE_HIDPI_IMAGES = YES;
				CURRENT_PROJECT_VERSION = 1;
				DEVELOPMENT_TEAM = 98UFL8A7L4;
				ENABLE_HARDENED_RUNTIME = YES;
				ENABLE_PREVIEWS = YES;
				GENERATE_INFOPLIST_FILE = YES;
				INFOPLIST_KEY_NSHumanReadableCopyright = "";
				LD_RUNPATH_SEARCH_PATHS = (
					"$(inherited)",
					"@executable_path/../Frameworks",
				);
				MACOSX_DEPLOYMENT_TARGET = 13.0;
				MARKETING_VERSION = 1.0;
				PRODUCT_BUNDLE_IDENTIFIER = com.fuwamaki.SampleSwiftUI2;
				PRODUCT_NAME = SampleSwiftUI2;
				SDKROOT = macosx;
				SWIFT_EMIT_LOC_STRINGS = YES;
				SWIFT_VERSION = 5.0;
			};
			name = Debug;
		};
		20DB93F027682A3300D42683 /* Release */ = {
			isa = XCBuildConfiguration;
			buildSettings = {
				ASSETCATALOG_COMPILER_APPICON_NAME = AppIcon;
				ASSETCATALOG_COMPILER_GLOBAL_ACCENT_COLOR_NAME = AccentColor;
				CODE_SIGN_ENTITLEMENTS = macOS/macOS.entitlements;
				CODE_SIGN_STYLE = Automatic;
				COMBINE_HIDPI_IMAGES = YES;
				CURRENT_PROJECT_VERSION = 1;
				DEVELOPMENT_TEAM = 98UFL8A7L4;
				ENABLE_HARDENED_RUNTIME = YES;
				ENABLE_PREVIEWS = YES;
				GENERATE_INFOPLIST_FILE = YES;
				INFOPLIST_KEY_NSHumanReadableCopyright = "";
				LD_RUNPATH_SEARCH_PATHS = (
					"$(inherited)",
					"@executable_path/../Frameworks",
				);
				MACOSX_DEPLOYMENT_TARGET = 13.0;
				MARKETING_VERSION = 1.0;
				PRODUCT_BUNDLE_IDENTIFIER = com.fuwamaki.SampleSwiftUI2;
				PRODUCT_NAME = SampleSwiftUI2;
				SDKROOT = macosx;
				SWIFT_EMIT_LOC_STRINGS = YES;
				SWIFT_VERSION = 5.0;
			};
			name = Release;
		};
		20DB93F227682A3300D42683 /* Debug */ = {
			isa = XCBuildConfiguration;
			buildSettings = {
				ALWAYS_EMBED_SWIFT_STANDARD_LIBRARIES = YES;
				CODE_SIGN_STYLE = Automatic;
				CURRENT_PROJECT_VERSION = 1;
				DEVELOPMENT_TEAM = 98UFL8A7L4;
				GENERATE_INFOPLIST_FILE = YES;
				IPHONEOS_DEPLOYMENT_TARGET = 15.0;
				LD_RUNPATH_SEARCH_PATHS = (
					"$(inherited)",
					"@executable_path/Frameworks",
					"@loader_path/Frameworks",
				);
				MARKETING_VERSION = 1.0;
				PRODUCT_BUNDLE_IDENTIFIER = "com.fuwamaki.Tests-iOS";
				PRODUCT_NAME = "$(TARGET_NAME)";
				SDKROOT = iphoneos;
				SWIFT_EMIT_LOC_STRINGS = NO;
				SWIFT_VERSION = 5.0;
				TARGETED_DEVICE_FAMILY = "1,2";
				TEST_TARGET_NAME = "SampleSwiftUI2 (iOS)";
			};
			name = Debug;
		};
		20DB93F327682A3300D42683 /* Release */ = {
			isa = XCBuildConfiguration;
			buildSettings = {
				ALWAYS_EMBED_SWIFT_STANDARD_LIBRARIES = YES;
				CODE_SIGN_STYLE = Automatic;
				CURRENT_PROJECT_VERSION = 1;
				DEVELOPMENT_TEAM = 98UFL8A7L4;
				GENERATE_INFOPLIST_FILE = YES;
				IPHONEOS_DEPLOYMENT_TARGET = 15.0;
				LD_RUNPATH_SEARCH_PATHS = (
					"$(inherited)",
					"@executable_path/Frameworks",
					"@loader_path/Frameworks",
				);
				MARKETING_VERSION = 1.0;
				PRODUCT_BUNDLE_IDENTIFIER = "com.fuwamaki.Tests-iOS";
				PRODUCT_NAME = "$(TARGET_NAME)";
				SDKROOT = iphoneos;
				SWIFT_EMIT_LOC_STRINGS = NO;
				SWIFT_VERSION = 5.0;
				TARGETED_DEVICE_FAMILY = "1,2";
				TEST_TARGET_NAME = "SampleSwiftUI2 (iOS)";
				VALIDATE_PRODUCT = YES;
			};
			name = Release;
		};
		20DB93F527682A3300D42683 /* Debug */ = {
			isa = XCBuildConfiguration;
			buildSettings = {
				CODE_SIGN_STYLE = Automatic;
				COMBINE_HIDPI_IMAGES = YES;
				CURRENT_PROJECT_VERSION = 1;
				DEVELOPMENT_TEAM = 98UFL8A7L4;
				GENERATE_INFOPLIST_FILE = YES;
				LD_RUNPATH_SEARCH_PATHS = (
					"$(inherited)",
					"@executable_path/../Frameworks",
					"@loader_path/../Frameworks",
				);
				MACOSX_DEPLOYMENT_TARGET = 12.0;
				MARKETING_VERSION = 1.0;
				PRODUCT_BUNDLE_IDENTIFIER = "com.fuwamaki.Tests-macOS";
				PRODUCT_NAME = "$(TARGET_NAME)";
				SDKROOT = macosx;
				SWIFT_EMIT_LOC_STRINGS = NO;
				SWIFT_VERSION = 5.0;
				TEST_TARGET_NAME = "SampleSwiftUI2 (macOS)";
			};
			name = Debug;
		};
		20DB93F627682A3300D42683 /* Release */ = {
			isa = XCBuildConfiguration;
			buildSettings = {
				CODE_SIGN_STYLE = Automatic;
				COMBINE_HIDPI_IMAGES = YES;
				CURRENT_PROJECT_VERSION = 1;
				DEVELOPMENT_TEAM = 98UFL8A7L4;
				GENERATE_INFOPLIST_FILE = YES;
				LD_RUNPATH_SEARCH_PATHS = (
					"$(inherited)",
					"@executable_path/../Frameworks",
					"@loader_path/../Frameworks",
				);
				MACOSX_DEPLOYMENT_TARGET = 12.0;
				MARKETING_VERSION = 1.0;
				PRODUCT_BUNDLE_IDENTIFIER = "com.fuwamaki.Tests-macOS";
				PRODUCT_NAME = "$(TARGET_NAME)";
				SDKROOT = macosx;
				SWIFT_EMIT_LOC_STRINGS = NO;
				SWIFT_VERSION = 5.0;
				TEST_TARGET_NAME = "SampleSwiftUI2 (macOS)";
			};
			name = Release;
		};
/* End XCBuildConfiguration section */

/* Begin XCConfigurationList section */
		20DB93B927682A3200D42683 /* Build configuration list for PBXProject "SampleSwiftUI2" */ = {
			isa = XCConfigurationList;
			buildConfigurations = (
				20DB93E927682A3300D42683 /* Debug */,
				20DB93EA27682A3300D42683 /* Release */,
			);
			defaultConfigurationIsVisible = 0;
			defaultConfigurationName = Release;
		};
		20DB93EB27682A3300D42683 /* Build configuration list for PBXNativeTarget "SampleSwiftUI2 (iOS)" */ = {
			isa = XCConfigurationList;
			buildConfigurations = (
				20DB93EC27682A3300D42683 /* Debug */,
				20DB93ED27682A3300D42683 /* Release */,
			);
			defaultConfigurationIsVisible = 0;
			defaultConfigurationName = Release;
		};
		20DB93EE27682A3300D42683 /* Build configuration list for PBXNativeTarget "SampleSwiftUI2 (macOS)" */ = {
			isa = XCConfigurationList;
			buildConfigurations = (
				20DB93EF27682A3300D42683 /* Debug */,
				20DB93F027682A3300D42683 /* Release */,
			);
			defaultConfigurationIsVisible = 0;
			defaultConfigurationName = Release;
		};
		20DB93F127682A3300D42683 /* Build configuration list for PBXNativeTarget "Tests iOS" */ = {
			isa = XCConfigurationList;
			buildConfigurations = (
				20DB93F227682A3300D42683 /* Debug */,
				20DB93F327682A3300D42683 /* Release */,
			);
			defaultConfigurationIsVisible = 0;
			defaultConfigurationName = Release;
		};
		20DB93F427682A3300D42683 /* Build configuration list for PBXNativeTarget "Tests macOS" */ = {
			isa = XCConfigurationList;
			buildConfigurations = (
				20DB93F527682A3300D42683 /* Debug */,
				20DB93F627682A3300D42683 /* Release */,
			);
			defaultConfigurationIsVisible = 0;
			defaultConfigurationName = Release;
		};
/* End XCConfigurationList section */

/* Begin XCRemoteSwiftPackageReference section */
		20FA163728EAD3060020F291 /* XCRemoteSwiftPackageReference "SlidingTabView" */ = {
			isa = XCRemoteSwiftPackageReference;
			repositoryURL = "https://github.com/QuynhNguyen/SlidingTabView";
			requirement = {
				kind = upToNextMajorVersion;
				minimumVersion = 1.0.0;
			};
		};
/* End XCRemoteSwiftPackageReference section */

/* Begin XCSwiftPackageProductDependency section */
		20FA163828EAD3060020F291 /* SlidingTabView */ = {
			isa = XCSwiftPackageProductDependency;
			package = 20FA163728EAD3060020F291 /* XCRemoteSwiftPackageReference "SlidingTabView" */;
			productName = SlidingTabView;
		};
/* End XCSwiftPackageProductDependency section */
	};
	rootObject = 20DB93B627682A3200D42683 /* Project object */;
}
